# This file is automatically @generated by Poetry 1.7.1 and should not be changed by hand.

[[package]]
name = "python-decouple"
version = "3.8"
description = "Strict separation of settings from code."
optional = false
python-versions = "*"
files = [
    {file = "python-decouple-3.8.tar.gz", hash = "sha256:ba6e2657d4f376ecc46f77a3a615e058d93ba5e465c01bbe57289bfb7cce680f"},
    {file = "python_decouple-3.8-py3-none-any.whl", hash = "sha256:d0d45340815b25f4de59c974b855bb38d03151d81b037d9e3f463b0c9f8cbd66"},
]

[metadata]
lock-version = "2.0"
python-versions = "^3.12"
content-hash = "11e2ecfa6686c94a1442a5a7194fb062ce9e064361e2e061f23346b9a5415eb7"
